// !$*UTF8*$!
{
	archiveVersion = 1;
	classes = {
	};
	objectVersion = 46;
	objects = {

/* Begin PBXBuildFile section */
		3FDC2C721BAB085A000F1D48 /* AppDelegate.swift in Sources */ = {isa = PBXBuildFile; fileRef = 3FDC2C711BAB085A000F1D48 /* AppDelegate.swift */; };
		3FDC2C741BAB085A000F1D48 /* ViewController.swift in Sources */ = {isa = PBXBuildFile; fileRef = 3FDC2C731BAB085A000F1D48 /* ViewController.swift */; };
		3FDC2C771BAB085A000F1D48 /* Main.storyboard in Resources */ = {isa = PBXBuildFile; fileRef = 3FDC2C751BAB085A000F1D48 /* Main.storyboard */; };
		3FDC2C791BAB085A000F1D48 /* Images.xcassets in Resources */ = {isa = PBXBuildFile; fileRef = 3FDC2C781BAB085A000F1D48 /* Images.xcassets */; };
		3FDC2C7C1BAB085A000F1D48 /* LaunchScreen.xib in Resources */ = {isa = PBXBuildFile; fileRef = 3FDC2C7A1BAB085A000F1D48 /* LaunchScreen.xib */; };
		3FDC2C881BAB085A000F1D48 /* ComputerLovingTests.swift in Sources */ = {isa = PBXBuildFile; fileRef = 3FDC2C871BAB085A000F1D48 /* ComputerLovingTests.swift */; };
/* End PBXBuildFile section */

/* Begin PBXContainerItemProxy section */
		3FDC2C821BAB085A000F1D48 /* PBXContainerItemProxy */ = {
			isa = PBXContainerItemProxy;
			containerPortal = 3FDC2C641BAB085A000F1D48 /* Project object */;
			proxyType = 1;
			remoteGlobalIDString = 3FDC2C6B1BAB085A000F1D48;
			remoteInfo = ComputerLoving;
		};
/* End PBXContainerItemProxy section */

/* Begin PBXFileReference section */
		3FDC2C6C1BAB085A000F1D48 /* ComputerLoving.app */ = {isa = PBXFileReference; explicitFileType = wrapper.application; includeInIndex = 0; path = ComputerLoving.app; sourceTree = BUILT_PRODUCTS_DIR; };
		3FDC2C701BAB085A000F1D48 /* Info.plist */ = {isa = PBXFileReference; lastKnownFileType = text.plist.xml; path = Info.plist; sourceTree = "<group>"; };
		3FDC2C711BAB085A000F1D48 /* AppDelegate.swift */ = {isa = PBXFileReference; lastKnownFileType = sourcecode.swift; path = AppDelegate.swift; sourceTree = "<group>"; };
		3FDC2C731BAB085A000F1D48 /* ViewController.swift */ = {isa = PBXFileReference; lastKnownFileType = sourcecode.swift; path = ViewController.swift; sourceTree = "<group>"; };
		3FDC2C761BAB085A000F1D48 /* Base */ = {isa = PBXFileReference; lastKnownFileType = file.storyboard; name = Base; path = Base.lproj/Main.storyboard; sourceTree = "<group>"; };
		3FDC2C781BAB085A000F1D48 /* Images.xcassets */ = {isa = PBXFileReference; lastKnownFileType = folder.assetcatalog; path = Images.xcassets; sourceTree = "<group>"; };
		3FDC2C7B1BAB085A000F1D48 /* Base */ = {isa = PBXFileReference; lastKnownFileType = file.xib; name = Base; path = Base.lproj/LaunchScreen.xib; sourceTree = "<group>"; };
		3FDC2C811BAB085A000F1D48 /* ComputerLovingTests.xctest */ = {isa = PBXFileReference; explicitFileType = wrapper.cfbundle; includeInIndex = 0; path = ComputerLovingTests.xctest; sourceTree = BUILT_PRODUCTS_DIR; };
		3FDC2C861BAB085A000F1D48 /* Info.plist */ = {isa = PBXFileReference; lastKnownFileType = text.plist.xml; path = Info.plist; sourceTree = "<group>"; };
		3FDC2C871BAB085A000F1D48 /* ComputerLovingTests.swift */ = {isa = PBXFileReference; lastKnownFileType = sourcecode.swift; path = ComputerLovingTests.swift; sourceTree = "<group>"; };
/* End PBXFileReference section */

/* Begin PBXFrameworksBuildPhase section */
		3FDC2C691BAB085A000F1D48 /* Frameworks */ = {
			isa = PBXFrameworksBuildPhase;
			buildActionMask = 2147483647;
			files = (
			);
			runOnlyForDeploymentPostprocessing = 0;
		};
		3FDC2C7E1BAB085A000F1D48 /* Frameworks */ = {
			isa = PBXFrameworksBuildPhase;
			buildActionMask = 2147483647;
			files = (
			);
			runOnlyForDeploymentPostprocessing = 0;
		};
/* End PBXFrameworksBuildPhase section */

/* Begin PBXGroup section */
		3FDC2C631BAB085A000F1D48 = {
			isa = PBXGroup;
			children = (
				3FDC2C6E1BAB085A000F1D48 /* ComputerLoving */,
				3FDC2C841BAB085A000F1D48 /* ComputerLovingTests */,
				3FDC2C6D1BAB085A000F1D48 /* Products */,
			);
			sourceTree = "<group>";
		};
		3FDC2C6D1BAB085A000F1D48 /* Products */ = {
			isa = PBXGroup;
			children = (
				3FDC2C6C1BAB085A000F1D48 /* ComputerLoving.app */,
				3FDC2C811BAB085A000F1D48 /* ComputerLovingTests.xctest */,
			);
			name = Products;
			sourceTree = "<group>";
		};
		3FDC2C6E1BAB085A000F1D48 /* ComputerLoving */ = {
			isa = PBXGroup;
			children = (
				3FDC2C711BAB085A000F1D48 /* AppDelegate.swift */,
				3FDC2C731BAB085A000F1D48 /* ViewController.swift */,
				3FDC2C751BAB085A000F1D48 /* Main.storyboard */,
				3FDC2C781BAB085A000F1D48 /* Images.xcassets */,
				3FDC2C7A1BAB085A000F1D48 /* LaunchScreen.xib */,
				3FDC2C6F1BAB085A000F1D48 /* Supporting Files */,
			);
			path = ComputerLoving;
			sourceTree = "<group>";
		};
		3FDC2C6F1BAB085A000F1D48 /* Supporting Files */ = {
			isa = PBXGroup;
			children = (
				3FDC2C701BAB085A000F1D48 /* Info.plist */,
			);
			name = "Supporting Files";
			sourceTree = "<group>";
		};
		3FDC2C841BAB085A000F1D48 /* ComputerLovingTests */ = {
			isa = PBXGroup;
			children = (
				3FDC2C871BAB085A000F1D48 /* ComputerLovingTests.swift */,
				3FDC2C851BAB085A000F1D48 /* Supporting Files */,
			);
			path = ComputerLovingTests;
			sourceTree = "<group>";
		};
		3FDC2C851BAB085A000F1D48 /* Supporting Files */ = {
			isa = PBXGroup;
			children = (
				3FDC2C861BAB085A000F1D48 /* Info.plist */,
			);
			name = "Supporting Files";
			sourceTree = "<group>";
		};
/* End PBXGroup section */

/* Begin PBXNativeTarget section */
		3FDC2C6B1BAB085A000F1D48 /* ComputerLoving */ = {
			isa = PBXNativeTarget;
			buildConfigurationList = 3FDC2C8B1BAB085A000F1D48 /* Build configuration list for PBXNativeTarget "ComputerLoving" */;
			buildPhases = (
				3FDC2C681BAB085A000F1D48 /* Sources */,
				3FDC2C691BAB085A000F1D48 /* Frameworks */,
				3FDC2C6A1BAB085A000F1D48 /* Resources */,
			);
			buildRules = (
			);
			dependencies = (
			);
			name = ComputerLoving;
			productName = ComputerLoving;
			productReference = 3FDC2C6C1BAB085A000F1D48 /* ComputerLoving.app */;
			productType = "com.apple.product-type.application";
		};
		3FDC2C801BAB085A000F1D48 /* ComputerLovingTests */ = {
			isa = PBXNativeTarget;
			buildConfigurationList = 3FDC2C8E1BAB085A000F1D48 /* Build configuration list for PBXNativeTarget "ComputerLovingTests" */;
			buildPhases = (
				3FDC2C7D1BAB085A000F1D48 /* Sources */,
				3FDC2C7E1BAB085A000F1D48 /* Frameworks */,
				3FDC2C7F1BAB085A000F1D48 /* Resources */,
			);
			buildRules = (
			);
			dependencies = (
				3FDC2C831BAB085A000F1D48 /* PBXTargetDependency */,
			);
			name = ComputerLovingTests;
			productName = ComputerLovingTests;
			productReference = 3FDC2C811BAB085A000F1D48 /* ComputerLovingTests.xctest */;
			productType = "com.apple.product-type.bundle.unit-test";
		};
/* End PBXNativeTarget section */

/* Begin PBXProject section */
		3FDC2C641BAB085A000F1D48 /* Project object */ = {
			isa = PBXProject;
			attributes = {
				LastUpgradeCheck = 0640;
				ORGANIZATIONNAME = LateNightGames;
				TargetAttributes = {
					3FDC2C6B1BAB085A000F1D48 = {
						CreatedOnToolsVersion = 6.4;
					};
					3FDC2C801BAB085A000F1D48 = {
						CreatedOnToolsVersion = 6.4;
						TestTargetID = 3FDC2C6B1BAB085A000F1D48;
					};
				};
			};
			buildConfigurationList = 3FDC2C671BAB085A000F1D48 /* Build configuration list for PBXProject "ComputerLoving" */;
			compatibilityVersion = "Xcode 3.2";
			developmentRegion = English;
			hasScannedForEncodings = 0;
			knownRegions = (
				en,
				Base,
			);
			mainGroup = 3FDC2C631BAB085A000F1D48;
			productRefGroup = 3FDC2C6D1BAB085A000F1D48 /* Products */;
			projectDirPath = "";
			projectRoot = "";
			targets = (
				3FDC2C6B1BAB085A000F1D48 /* ComputerLoving */,
				3FDC2C801BAB085A000F1D48 /* ComputerLovingTests */,
			);
		};
/* End PBXProject section */

/* Begin PBXResourcesBuildPhase section */
		3FDC2C6A1BAB085A000F1D48 /* Resources */ = {
			isa = PBXResourcesBuildPhase;
			buildActionMask = 2147483647;
			files = (
				3FDC2C771BAB085A000F1D48 /* Main.storyboard in Resources */,
				3FDC2C7C1BAB085A000F1D48 /* LaunchScreen.xib in Resources */,
				3FDC2C791BAB085A000F1D48 /* Images.xcassets in Resources */,
			);
			runOnlyForDeploymentPostprocessing = 0;
		};
		3FDC2C7F1BAB085A000F1D48 /* Resources */ = {
			isa = PBXResourcesBuildPhase;
			buildActionMask = 2147483647;
			files = (
			);
			runOnlyForDeploymentPostprocessing = 0;
		};
/* End PBXResourcesBuildPhase section */

/* Begin PBXSourcesBuildPhase section */
		3FDC2C681BAB085A000F1D48 /* Sources */ = {
			isa = PBXSourcesBuildPhase;
			buildActionMask = 2147483647;
			files = (
				3FDC2C741BAB085A000F1D48 /* ViewController.swift in Sources */,
				3FDC2C721BAB085A000F1D48 /* AppDelegate.swift in Sources */,
			);
			runOnlyForDeploymentPostprocessing = 0;
		};
		3FDC2C7D1BAB085A000F1D48 /* Sources */ = {
			isa = PBXSourcesBuildPhase;
			buildActionMask = 2147483647;
			files = (
				3FDC2C881BAB085A000F1D48 /* ComputerLovingTests.swift in Sources */,
			);
			runOnlyForDeploymentPostprocessing = 0;
		};
/* End PBXSourcesBuildPhase section */

/* Begin PBXTargetDependency section */
		3FDC2C831BAB085A000F1D48 /* PBXTargetDependency */ = {
			isa = PBXTargetDependency;
			target = 3FDC2C6B1BAB085A000F1D48 /* ComputerLoving */;
			targetProxy = 3FDC2C821BAB085A000F1D48 /* PBXContainerItemProxy */;
		};
/* End PBXTargetDependency section */

/* Begin PBXVariantGroup section */
		3FDC2C751BAB085A000F1D48 /* Main.storyboard */ = {
			isa = PBXVariantGroup;
			children = (
				3FDC2C761BAB085A000F1D48 /* Base */,
			);
			name = Main.storyboard;
			sourceTree = "<group>";
		};
		3FDC2C7A1BAB085A000F1D48 /* LaunchScreen.xib */ = {
			isa = PBXVariantGroup;
			children = (
				3FDC2C7B1BAB085A000F1D48 /* Base */,
			);
			name = LaunchScreen.xib;
			sourceTree = "<group>";
		};
/* End PBXVariantGroup section */

/* Begin XCBuildConfiguration section */
		3FDC2C891BAB085A000F1D48 /* Debug */ = {
			isa = XCBuildConfiguration;
			buildSettings = {
				ALWAYS_SEARCH_USER_PATHS = NO;
				CLANG_CXX_LANGUAGE_STANDARD = "gnu++0x";
				CLANG_CXX_LIBRARY = "libc++";
				CLANG_ENABLE_MODULES = YES;
				CLANG_ENABLE_OBJC_ARC = YES;
				CLANG_WARN_BOOL_CONVERSION = YES;
				CLANG_WARN_CONSTANT_CONVERSION = YES;
				CLANG_WARN_DIRECT_OBJC_ISA_USAGE = YES_ERROR;
				CLANG_WARN_EMPTY_BODY = YES;
				CLANG_WARN_ENUM_CONVERSION = YES;
				CLANG_WARN_INT_CONVERSION = YES;
				CLANG_WARN_OBJC_ROOT_CLASS = YES_ERROR;
				CLANG_WARN_UNREACHABLE_CODE = YES;
				CLANG_WARN__DUPLICATE_METHOD_MATCH = YES;
				"CODE_SIGN_IDENTITY[sdk=iphoneos*]" = "iPhone Developer";
				COPY_PHASE_STRIP = NO;
				DEBUG_INFORMATION_FORMAT = "dwarf-with-dsym";
				ENABLE_STRICT_OBJC_MSGSEND = YES;
				GCC_C_LANGUAGE_STANDARD = gnu99;
				GCC_DYNAMIC_NO_PIC = NO;
				GCC_NO_COMMON_BLOCKS = YES;
				GCC_OPTIMIZATION_LEVEL = 0;
				GCC_PREPROCESSOR_DEFINITIONS = (
					"DEBUG=1",
					"$(inherited)",
				);
				GCC_SYMBOLS_PRIVATE_EXTERN = NO;
				GCC_WARN_64_TO_32_BIT_CONVERSION = YES;
				GCC_WARN_ABOUT_RETURN_TYPE = YES_ERROR;
				GCC_WARN_UNDECLARED_SELECTOR = YES;
				GCC_WARN_UNINITIALIZED_AUTOS = YES_AGGRESSIVE;
				GCC_WARN_UNUSED_FUNCTION = YES;
				GCC_WARN_UNUSED_VARIABLE = YES;
				IPHONEOS_DEPLOYMENT_TARGET = 8.4;
				MTL_ENABLE_DEBUG_INFO = YES;
				ONLY_ACTIVE_ARCH = YES;
				SDKROOT = iphoneos;
				SWIFT_OPTIMIZATION_LEVEL = "-Onone";
			};
			name = Debug;
		};
		3FDC2C8A1BAB085A000F1D48 /* Release */ = {
			isa = XCBuildConfiguration;
			buildSettings = {
				ALWAYS_SEARCH_USER_PATHS = NO;
				CLANG_CXX_LANGUAGE_STANDARD = "gnu++0x";
				CLANG_CXX_LIBRARY = "libc++";
				CLANG_ENABLE_MODULES = YES;
				CLANG_ENABLE_OBJC_ARC = YES;
				CLANG_WARN_BOOL_CONVERSION = YES;
				CLANG_WARN_CONSTANT_CONVERSION = YES;
				CLANG_WARN_DIRECT_OBJC_ISA_USAGE = YES_ERROR;
				CLANG_WARN_EMPTY_BODY = YES;
				CLANG_WARN_ENUM_CONVERSION = YES;
				CLANG_WARN_INT_CONVERSION = YES;
				CLANG_WARN_OBJC_ROOT_CLASS = YES_ERROR;
				CLANG_WARN_UNREACHABLE_CODE = YES;
				CLANG_WARN__DUPLICATE_METHOD_MATCH = YES;
				"CODE_SIGN_IDENTITY[sdk=iphoneos*]" = "iPhone Developer";
				COPY_PHASE_STRIP = NO;
				DEBUG_INFORMATION_FORMAT = "dwarf-with-dsym";
				ENABLE_NS_ASSERTIONS = NO;
				ENABLE_STRICT_OBJC_MSGSEND = YES;
				GCC_C_LANGUAGE_STANDARD = gnu99;
				GCC_NO_COMMON_BLOCKS = YES;
				GCC_WARN_64_TO_32_BIT_CONVERSION = YES;
				GCC_WARN_ABOUT_RETURN_TYPE = YES_ERROR;
				GCC_WARN_UNDECLARED_SELECTOR = YES;
				GCC_WARN_UNINITIALIZED_AUTOS = YES_AGGRESSIVE;
				GCC_WARN_UNUSED_FUNCTION = YES;
				GCC_WARN_UNUSED_VARIABLE = YES;
				IPHONEOS_DEPLOYMENT_TARGET = 8.4;
				MTL_ENABLE_DEBUG_INFO = NO;
				SDKROOT = iphoneos;
				VALIDATE_PRODUCT = YES;
			};
			name = Release;
		};
		3FDC2C8C1BAB085A000F1D48 /* Debug */ = {
			isa = XCBuildConfiguration;
			buildSettings = {
				ASSETCATALOG_COMPILER_APPICON_NAME = AppIcon;
				INFOPLIST_FILE = ComputerLoving/Info.plist;
				LD_RUNPATH_SEARCH_PATHS = "$(inherited) @executable_path/Frameworks";
				PRODUCT_NAME = "$(TARGET_NAME)";
			};
			name = Debug;
		};
		3FDC2C8D1BAB085A000F1D48 /* Release */ = {
			isa = XCBuildConfiguration;
			buildSettings = {
				ASSETCATALOG_COMPILER_APPICON_NAME = AppIcon;
				INFOPLIST_FILE = ComputerLoving/Info.plist;
				LD_RUNPATH_SEARCH_PATHS = "$(inherited) @executable_path/Frameworks";
				PRODUCT_NAME = "$(TARGET_NAME)";
			};
			name = Release;
		};
		3FDC2C8F1BAB085A000F1D48 /* Debug */ = {
			isa = XCBuildConfiguration;
			buildSettings = {
				BUNDLE_LOADER = "$(TEST_HOST)";
				FRAMEWORK_SEARCH_PATHS = (
					"$(SDKROOT)/Developer/Library/Frameworks",
					"$(inherited)",
				);
				GCC_PREPROCESSOR_DEFINITIONS = (
					"DEBUG=1",
					"$(inherited)",
				);
				INFOPLIST_FILE = ComputerLovingTests/Info.plist;
				LD_RUNPATH_SEARCH_PATHS = "$(inherited) @executable_path/Frameworks @loader_path/Frameworks";
				PRODUCT_NAME = "$(TARGET_NAME)";
				TEST_HOST = "$(BUILT_PRODUCTS_DIR)/ComputerLoving.app/ComputerLoving";
			};
			name = Debug;
		};
		3FDC2C901BAB085A000F1D48 /* Release */ = {
			isa = XCBuildConfiguration;
			buildSettings = {
				BUNDLE_LOADER = "$(TEST_HOST)";
				FRAMEWORK_SEARCH_PATHS = (
					"$(SDKROOT)/Developer/Library/Frameworks",
					"$(inherited)",
				);
				INFOPLIST_FILE = ComputerLovingTests/Info.plist;
				LD_RUNPATH_SEARCH_PATHS = "$(inherited) @executable_path/Frameworks @loader_path/Frameworks";
				PRODUCT_NAME = "$(TARGET_NAME)";
				TEST_HOST = "$(BUILT_PRODUCTS_DIR)/ComputerLoving.app/ComputerLoving";
			};
			name = Release;
		};
/* End XCBuildConfiguration section */

/* Begin XCConfigurationList section */
		3FDC2C671BAB085A000F1D48 /* Build configuration list for PBXProject "ComputerLoving" */ = {
			isa = XCConfigurationList;
			buildConfigurations = (
				3FDC2C891BAB085A000F1D48 /* Debug */,
				3FDC2C8A1BAB085A000F1D48 /* Release */,
			);
			defaultConfigurationIsVisible = 0;
			defaultConfigurationName = Release;
		};
		3FDC2C8B1BAB085A000F1D48 /* Build configuration list for PBXNativeTarget "ComputerLoving" */ = {
			isa = XCConfigurationList;
			buildConfigurations = (
				3FDC2C8C1BAB085A000F1D48 /* Debug */,
				3FDC2C8D1BAB085A000F1D48 /* Release */,
			);
			defaultConfigurationIsVisible = 0;
		};
		3FDC2C8E1BAB085A000F1D48 /* Build configuration list for PBXNativeTarget "ComputerLovingTests" */ = {
			isa = XCConfigurationList;
			buildConfigurations = (
				3FDC2C8F1BAB085A000F1D48 /* Debug */,
				3FDC2C901BAB085A000F1D48 /* Release */,
			);
			defaultConfigurationIsVisible = 0;
		};
/* End XCConfigurationList section */
	};
	rootObject = 3FDC2C641BAB085A000F1D48 /* Project object */;
}
